
Microsoft Visual Studio Solution File, Format Version 12.00
# Visual Studio Version 17
VisualStudioVersion = 17.0.31903.59
MinimumVisualStudioVersion = 10.0.40219.1
Project("{9A19103F-16F7-4668-BE54-9A1E7A4F7556}") = "API", "API\API.csproj", "{EB937222-E34B-40D6-8617-D37E7ED2284C}"
EndProject
Project("{FAE04EC0-301F-11D3-BF4B-00C04F79EFBC}") = "DB", "DB\DB.csproj", "{4E8E09DF-716F-411F-875B-96E207667EAB}"
EndProject
Global
	GlobalSection(SolutionConfigurationPlatforms) = preSolution
		Debug|Any CPU = Debug|Any CPU
		Release|Any CPU = Release|Any CPU
	EndGlobalSection
	GlobalSection(ProjectConfigurationPlatforms) = postSolution
		{EB937222-E34B-40D6-8617-D37E7ED2284C}.Debug|Any CPU.ActiveCfg = Debug|Any CPU
		{EB937222-E34B-40D6-8617-D37E7ED2284C}.Debug|Any CPU.Build.0 = Debug|Any CPU
		{EB937222-E34B-40D6-8617-D37E7ED2284C}.Release|Any CPU.ActiveCfg = Release|Any CPU
		{EB937222-E34B-40D6-8617-D37E7ED2284C}.Release|Any CPU.Build.0 = Release|Any CPU
		{4E8E09DF-716F-411F-875B-96E207667EAB}.Debug|Any CPU.ActiveCfg = Debug|Any CPU
		{4E8E09DF-716F-411F-875B-96E207667EAB}.Debug|Any CPU.Build.0 = Debug|Any CPU
		{4E8E09DF-716F-411F-875B-96E207667EAB}.Release|Any CPU.ActiveCfg = Release|Any CPU
		{4E8E09DF-716F-411F-875B-96E207667EAB}.Release|Any CPU.Build.0 = Release|Any CPU
	EndGlobalSection
	GlobalSection(SolutionProperties) = preSolution
		HideSolutionNode = FALSE
	EndGlobalSection
	GlobalSection(ExtensibilityGlobals) = postSolution
		SolutionGuid = {729B750B-DD56-4B81-9DE0-C61FA0768B75}
	EndGlobalSection
EndGlobal
